
Microsoft Visual Studio Solution File, Format Version 12.00
# Visual Studio Version 17
VisualStudioVersion = 17.2.32630.192
MinimumVisualStudioVersion = 10.0.40219.1
Project("{FAE04EC0-301F-11D3-BF4B-00C04F79EFBC}") = "Faz_Backup", "Faz_Backup.csproj", "{84F8D953-C431-4E47-B949-57A4CC228ACA}"
EndProject
Global
	GlobalSection(SolutionConfigurationPlatforms) = preSolution
		Debug|Any CPU = Debug|Any CPU
		Release|Any CPU = Release|Any CPU
	EndGlobalSection
	GlobalSection(ProjectConfigurationPlatforms) = postSolution
		{84F8D953-C431-4E47-B949-57A4CC228ACA}.Debug|Any CPU.ActiveCfg = Debug|Any CPU
		{84F8D953-C431-4E47-B949-57A4CC228ACA}.Debug|Any CPU.Build.0 = Debug|Any CPU
		{84F8D953-C431-4E47-B949-57A4CC228ACA}.Release|Any CPU.ActiveCfg = Release|Any CPU
		{84F8D953-C431-4E47-B949-57A4CC228ACA}.Release|Any CPU.Build.0 = Release|Any CPU
	EndGlobalSection
	GlobalSection(SolutionProperties) = preSolution
		HideSolutionNode = FALSE
	EndGlobalSection
	GlobalSection(ExtensibilityGlobals) = postSolution
		SolutionGuid = {915E50F1-8365-499F-AA0D-B56A12D78907}
	EndGlobalSection
EndGlobal
